# This file is generated by running "yarn install" inside your project.
# Manual changes might be lost - proceed with caution!

__metadata:
  version: 8
  cacheKey: 10

"@adraffy/ens-normalize@npm:^1.10.1":
  version: 1.11.0
  resolution: "@adraffy/ens-normalize@npm:1.11.0"
  checksum: 10/abef75f21470ea43dd6071168e092d2d13e38067e349e76186c78838ae174a46c3e18ca50921d05bea6ec3203074147c9e271f8cb6531d1c2c0e146f3199ddcb
  languageName: node
  linkType: hard

"@babel/runtime@npm:^7.5.5":
  version: 7.26.0
  resolution: "@babel/runtime@npm:7.26.0"
  dependencies:
    regenerator-runtime: "npm:^0.14.0"
  checksum: 10/9f4ea1c1d566c497c052d505587554e782e021e6ccd302c2ad7ae8291c8e16e3f19d4a7726fb64469e057779ea2081c28b7dbefec6d813a22f08a35712c0f699
  languageName: node
  linkType: hard

"@biomejs/biome@npm:1.9.4":
  version: 1.9.4
  resolution: "@biomejs/biome@npm:1.9.4"
  dependencies:
    "@biomejs/cli-darwin-arm64": "npm:1.9.4"
    "@biomejs/cli-darwin-x64": "npm:1.9.4"
    "@biomejs/cli-linux-arm64": "npm:1.9.4"
    "@biomejs/cli-linux-arm64-musl": "npm:1.9.4"
    "@biomejs/cli-linux-x64": "npm:1.9.4"
    "@biomejs/cli-linux-x64-musl": "npm:1.9.4"
    "@biomejs/cli-win32-arm64": "npm:1.9.4"
    "@biomejs/cli-win32-x64": "npm:1.9.4"
  dependenciesMeta:
    "@biomejs/cli-darwin-arm64":
      optional: true
    "@biomejs/cli-darwin-x64":
      optional: true
    "@biomejs/cli-linux-arm64":
      optional: true
    "@biomejs/cli-linux-arm64-musl":
      optional: true
    "@biomejs/cli-linux-x64":
      optional: true
    "@biomejs/cli-linux-x64-musl":
      optional: true
    "@biomejs/cli-win32-arm64":
      optional: true
    "@biomejs/cli-win32-x64":
      optional: true
  bin:
    biome: bin/biome
  checksum: 10/bd8ff8fb4dc0581bd60a9b9ac28d0cd03ba17c6a1de2ab6228b7fda582079594ceee774f47e41aac2fc6d35de1637def2e32ef2e58fa24e22d1b24ef9ee5cefa
  languageName: node
  linkType: hard

"@biomejs/cli-darwin-arm64@npm:1.9.4":
  version: 1.9.4
  resolution: "@biomejs/cli-darwin-arm64@npm:1.9.4"
  conditions: os=darwin & cpu=arm64
  languageName: node
  linkType: hard

"@biomejs/cli-darwin-x64@npm:1.9.4":
  version: 1.9.4
  resolution: "@biomejs/cli-darwin-x64@npm:1.9.4"
  conditions: os=darwin & cpu=x64
  languageName: node
  linkType: hard

"@biomejs/cli-linux-arm64-musl@npm:1.9.4":
  version: 1.9.4
  resolution: "@biomejs/cli-linux-arm64-musl@npm:1.9.4"
  conditions: os=linux & cpu=arm64 & libc=musl
  languageName: node
  linkType: hard

"@biomejs/cli-linux-arm64@npm:1.9.4":
  version: 1.9.4
  resolution: "@biomejs/cli-linux-arm64@npm:1.9.4"
  conditions: os=linux & cpu=arm64 & libc=glibc
  languageName: node
  linkType: hard

"@biomejs/cli-linux-x64-musl@npm:1.9.4":
  version: 1.9.4
  resolution: "@biomejs/cli-linux-x64-musl@npm:1.9.4"
  conditions: os=linux & cpu=x64 & libc=musl
  languageName: node
  linkType: hard

"@biomejs/cli-linux-x64@npm:1.9.4":
  version: 1.9.4
  resolution: "@biomejs/cli-linux-x64@npm:1.9.4"
  conditions: os=linux & cpu=x64 & libc=glibc
  languageName: node
  linkType: hard

"@biomejs/cli-win32-arm64@npm:1.9.4":
  version: 1.9.4
  resolution: "@biomejs/cli-win32-arm64@npm:1.9.4"
  conditions: os=win32 & cpu=arm64
  languageName: node
  linkType: hard

"@biomejs/cli-win32-x64@npm:1.9.4":
  version: 1.9.4
  resolution: "@biomejs/cli-win32-x64@npm:1.9.4"
  conditions: os=win32 & cpu=x64
  languageName: node
  linkType: hard

"@changesets/apply-release-plan@npm:^7.0.7":
  version: 7.0.7
  resolution: "@changesets/apply-release-plan@npm:7.0.7"
  dependencies:
    "@changesets/config": "npm:^3.0.5"
    "@changesets/get-version-range-type": "npm:^0.4.0"
    "@changesets/git": "npm:^3.0.2"
    "@changesets/should-skip-package": "npm:^0.1.1"
    "@changesets/types": "npm:^6.0.0"
    "@manypkg/get-packages": "npm:^1.1.3"
    detect-indent: "npm:^6.0.0"
    fs-extra: "npm:^7.0.1"
    lodash.startcase: "npm:^4.4.0"
    outdent: "npm:^0.5.0"
    prettier: "npm:^2.7.1"
    resolve-from: "npm:^5.0.0"
    semver: "npm:^7.5.3"
  checksum: 10/665490b0739075c50f037ae2bd4e8f7ea2c8815c120cafe91f56f15057f1e0a6f9088dc99e5e249e9c70502f072c8b93fca9f4f7173b9843c2e13a62b5931129
  languageName: node
  linkType: hard

"@changesets/assemble-release-plan@npm:^6.0.5":
  version: 6.0.5
  resolution: "@changesets/assemble-release-plan@npm:6.0.5"
  dependencies:
    "@changesets/errors": "npm:^0.2.0"
    "@changesets/get-dependents-graph": "npm:^2.1.2"
    "@changesets/should-skip-package": "npm:^0.1.1"
    "@changesets/types": "npm:^6.0.0"
    "@manypkg/get-packages": "npm:^1.1.3"
    semver: "npm:^7.5.3"
  checksum: 10/0de3edde14ec1b61d767be5186d4e24e2330291b1e5e8b8c6fd4bda0b8d5d967cefd2c7e7ea790e4bce12920ffb32c6ab9eb74e82bf5f762c20428b321050175
  languageName: node
  linkType: hard

"@changesets/changelog-git@npm:^0.2.0":
  version: 0.2.0
  resolution: "@changesets/changelog-git@npm:0.2.0"
  dependencies:
    "@changesets/types": "npm:^6.0.0"
  checksum: 10/631fcb73cab584fefad30f0e7cc8f7624b36be0f199e526c0d53538da16df2776bef8f8eb6511247b8040d011a2582bdb4840275d3f90a046bacbbd717da6c83
  languageName: node
  linkType: hard

"@changesets/cli@npm:^2.27.11":
  version: 2.27.11
  resolution: "@changesets/cli@npm:2.27.11"
  dependencies:
    "@changesets/apply-release-plan": "npm:^7.0.7"
    "@changesets/assemble-release-plan": "npm:^6.0.5"
    "@changesets/changelog-git": "npm:^0.2.0"
    "@changesets/config": "npm:^3.0.5"
    "@changesets/errors": "npm:^0.2.0"
    "@changesets/get-dependents-graph": "npm:^2.1.2"
    "@changesets/get-release-plan": "npm:^4.0.6"
    "@changesets/git": "npm:^3.0.2"
    "@changesets/logger": "npm:^0.1.1"
    "@changesets/pre": "npm:^2.0.1"
    "@changesets/read": "npm:^0.6.2"
    "@changesets/should-skip-package": "npm:^0.1.1"
    "@changesets/types": "npm:^6.0.0"
    "@changesets/write": "npm:^0.3.2"
    "@manypkg/get-packages": "npm:^1.1.3"
    ansi-colors: "npm:^4.1.3"
    ci-info: "npm:^3.7.0"
    enquirer: "npm:^2.4.1"
    external-editor: "npm:^3.1.0"
    fs-extra: "npm:^7.0.1"
    mri: "npm:^1.2.0"
    p-limit: "npm:^2.2.0"
    package-manager-detector: "npm:^0.2.0"
    picocolors: "npm:^1.1.0"
    resolve-from: "npm:^5.0.0"
    semver: "npm:^7.5.3"
    spawndamnit: "npm:^3.0.1"
    term-size: "npm:^2.1.0"
  bin:
    changeset: bin.js
  checksum: 10/9072efec5e23ce71095462c8b8cda5d44adbe04dca68d36d5fd3d8eedaf9de39bd386840f3a57dfef87d3e3ca065cabe2d0aaaf8cf47a9ed743340c723e451ac
  languageName: node
  linkType: hard

"@changesets/config@npm:^3.0.5":
  version: 3.0.5
  resolution: "@changesets/config@npm:3.0.5"
  dependencies:
    "@changesets/errors": "npm:^0.2.0"
    "@changesets/get-dependents-graph": "npm:^2.1.2"
    "@changesets/logger": "npm:^0.1.1"
    "@changesets/types": "npm:^6.0.0"
    "@manypkg/get-packages": "npm:^1.1.3"
    fs-extra: "npm:^7.0.1"
    micromatch: "npm:^4.0.8"
  checksum: 10/ebb6e5660c26cfd9c499505fdf5c0289b238fa8f6a7ed68d9eae56283d9f661d302d759155bdaff273a8de870fb2cd2dbb9cef62a64c4b4a869745f0e12eae9d
  languageName: node
  linkType: hard

"@changesets/errors@npm:^0.2.0":
  version: 0.2.0
  resolution: "@changesets/errors@npm:0.2.0"
  dependencies:
    extendable-error: "npm:^0.1.5"
  checksum: 10/4b79373f92287af4f723e8dbbccaf0299aa8735fc043243d0ad587f04a7614615ea50180be575d4438b9f00aa82d1cf85e902b77a55bdd3e0a8dd97e77b18c60
  languageName: node
  linkType: hard

"@changesets/get-dependents-graph@npm:^2.1.2":
  version: 2.1.2
  resolution: "@changesets/get-dependents-graph@npm:2.1.2"
  dependencies:
    "@changesets/types": "npm:^6.0.0"
    "@manypkg/get-packages": "npm:^1.1.3"
    picocolors: "npm:^1.1.0"
    semver: "npm:^7.5.3"
  checksum: 10/36d9877b0b071183b253d894e0dbef56f764fe2ff592064489d4f122c419ab97f0d023c9e078849d0f48b4129f5018c7c81cb380b02d975db5e0768ab29226c1
  languageName: node
  linkType: hard

"@changesets/get-release-plan@npm:^4.0.6":
  version: 4.0.6
  resolution: "@changesets/get-release-plan@npm:4.0.6"
  dependencies:
    "@changesets/assemble-release-plan": "npm:^6.0.5"
    "@changesets/config": "npm:^3.0.5"
    "@changesets/pre": "npm:^2.0.1"
    "@changesets/read": "npm:^0.6.2"
    "@changesets/types": "npm:^6.0.0"
    "@manypkg/get-packages": "npm:^1.1.3"
  checksum: 10/85ac96876d34e4f7830f07753c64309e2e2d07d7d5843f502c25f6bc3bd3f9b4e1d355d82a979b68fabe37b6efe664de85cdce241bfa374ef3439bbbb9f840a0
  languageName: node
  linkType: hard

"@changesets/get-version-range-type@npm:^0.4.0":
  version: 0.4.0
  resolution: "@changesets/get-version-range-type@npm:0.4.0"
  checksum: 10/9868e99b31af652d3fa08fc33d55b9636f2feed1f4efdb318a6dbb4bb061281868de089b93041ce7f2775ab9cf454b92b1199767d0f4f228d8bbc483e61d2fd8
  languageName: node
  linkType: hard

"@changesets/git@npm:^3.0.2":
  version: 3.0.2
  resolution: "@changesets/git@npm:3.0.2"
  dependencies:
    "@changesets/errors": "npm:^0.2.0"
    "@manypkg/get-packages": "npm:^1.1.3"
    is-subdir: "npm:^1.1.1"
    micromatch: "npm:^4.0.8"
    spawndamnit: "npm:^3.0.1"
  checksum: 10/de63573fecbd2ddcb8b5a7bfe18344a849810035e6fc55aa05e022d42e8cbefdfe23eebcfd34d31e84d78a616aa80ffb239b9e24abc4fc3ebaba10e619f72a24
  languageName: node
  linkType: hard

"@changesets/logger@npm:^0.1.1":
  version: 0.1.1
  resolution: "@changesets/logger@npm:0.1.1"
  dependencies:
    picocolors: "npm:^1.1.0"
  checksum: 10/bbfc050ddd0afdaa95bb790e81894b7548a2def059deeaed1685e22c10ede245ec2264df42bb2200cc0c8bd040e427bcd68a7afcca2633dc263a28e923d7c175
  languageName: node
  linkType: hard

"@changesets/parse@npm:^0.4.0":
  version: 0.4.0
  resolution: "@changesets/parse@npm:0.4.0"
  dependencies:
    "@changesets/types": "npm:^6.0.0"
    js-yaml: "npm:^3.13.1"
  checksum: 10/0a824582306b198cd775048876e62bd39193b921515608504777407d78f1dcc700ec15e1a6bccd8a3514c5acc6c3fb060238fbfeae94e698aa17dad1121c2d43
  languageName: node
  linkType: hard

"@changesets/pre@npm:^2.0.1":
  version: 2.0.1
  resolution: "@changesets/pre@npm:2.0.1"
  dependencies:
    "@changesets/errors": "npm:^0.2.0"
    "@changesets/types": "npm:^6.0.0"
    "@manypkg/get-packages": "npm:^1.1.3"
    fs-extra: "npm:^7.0.1"
  checksum: 10/e26ca45a1accc4c79890220acf4c85ff716bc09a8e534c91f08bf7d5272408bd76f54ddf6a01765a1aab2517b7447285ae0a9787a6f2135011ad37bcf3f70e48
  languageName: node
  linkType: hard

"@changesets/read@npm:^0.6.2":
  version: 0.6.2
  resolution: "@changesets/read@npm:0.6.2"
  dependencies:
    "@changesets/git": "npm:^3.0.2"
    "@changesets/logger": "npm:^0.1.1"
    "@changesets/parse": "npm:^0.4.0"
    "@changesets/types": "npm:^6.0.0"
    fs-extra: "npm:^7.0.1"
    p-filter: "npm:^2.1.0"
    picocolors: "npm:^1.1.0"
  checksum: 10/a9e322c9afb4039c769f71370da1879bb4d457417611d64b1782242b9d2fe9d330816c44f93aebee158fb3e3aee402da50b4e98ac7a779a19d8081478975ec02
  languageName: node
  linkType: hard

"@changesets/should-skip-package@npm:^0.1.1":
  version: 0.1.1
  resolution: "@changesets/should-skip-package@npm:0.1.1"
  dependencies:
    "@changesets/types": "npm:^6.0.0"
    "@manypkg/get-packages": "npm:^1.1.3"
  checksum: 10/d187ef22495deb63e678d0ff65e8627701e2b52c25bd59dde10ce8646be8d605c0ed0a6af020dd825b137c2fc748fdc6cef52e7774bad4c7a4f404bf182a85cf
  languageName: node
  linkType: hard

"@changesets/types@npm:^4.0.1":
  version: 4.1.0
  resolution: "@changesets/types@npm:4.1.0"
  checksum: 10/4d7c65a447400ac474b2dc2d79bc1a5341c305fbce4a648ef59d9939bc1bbbbd6852684c417a9a4ef0226468b9cb522b9ac2b5393f21fa5f20f1b12bee94eab5
  languageName: node
  linkType: hard

"@changesets/types@npm:^6.0.0":
  version: 6.0.0
  resolution: "@changesets/types@npm:6.0.0"
  checksum: 10/214c58ff3e3da019c578b94815ec6748729a38b665d950acddf53f3a23073ac7a57dce45812c4bec0cbcd6902c84a482c804457d4c903602005b2399de8a4021
  languageName: node
  linkType: hard

"@changesets/write@npm:^0.3.2":
  version: 0.3.2
  resolution: "@changesets/write@npm:0.3.2"
  dependencies:
    "@changesets/types": "npm:^6.0.0"
    fs-extra: "npm:^7.0.1"
    human-id: "npm:^1.0.2"
    prettier: "npm:^2.7.1"
  checksum: 10/c16b0a731fa43ae0028fd1f956c7b080030c42ff763f8dac74da8b178a4ea65632831c30550b784286277bdc75a3c44dda46aad8db97f43bb1eb4d61922152aa
  languageName: node
  linkType: hard

"@manypkg/find-root@npm:^1.1.0":
  version: 1.1.0
  resolution: "@manypkg/find-root@npm:1.1.0"
  dependencies:
    "@babel/runtime": "npm:^7.5.5"
    "@types/node": "npm:^12.7.1"
    find-up: "npm:^4.1.0"
    fs-extra: "npm:^8.1.0"
  checksum: 10/31e7dde82612a0e37ebb07876d76b1bf2aedc5b285b5e50d94cdf63edbf1fa3970349b84a5837a3c687e5b643e9a4f4588ae1f4b4ae9d412516d57bf977a08db
  languageName: node
  linkType: hard

"@manypkg/get-packages@npm:^1.1.3":
  version: 1.1.3
  resolution: "@manypkg/get-packages@npm:1.1.3"
  dependencies:
    "@babel/runtime": "npm:^7.5.5"
    "@changesets/types": "npm:^4.0.1"
    "@manypkg/find-root": "npm:^1.1.0"
    fs-extra: "npm:^8.1.0"
    globby: "npm:^11.0.0"
    read-yaml-file: "npm:^1.1.0"
  checksum: 10/4912e002199ff3974ec48586376a04c5f1815a4faa5f4d36b0698838eec143c9d4e3d42c41e0de009f48a1e2251802ed63c1311ab44de225b50102f85919a248
  languageName: node
  linkType: hard

"@noble/curves@npm:1.7.0, @noble/curves@npm:~1.7.0":
  version: 1.7.0
  resolution: "@noble/curves@npm:1.7.0"
  dependencies:
    "@noble/hashes": "npm:1.6.0"
  checksum: 10/2a11ef4895907d0b241bd3b72f9e6ebe56f0e705949bfd5efe003f25233549f620d287550df2d24ad56a1f953b82ec5f7cf4bd7cb78b1b2e76eb6dd516d44cf8
  languageName: node
  linkType: hard

"@noble/curves@npm:^1.4.0, @noble/curves@npm:^1.6.0, @noble/curves@npm:~1.8.0":
  version: 1.8.0
  resolution: "@noble/curves@npm:1.8.0"
  dependencies:
    "@noble/hashes": "npm:1.7.0"
  checksum: 10/c54ce84cf54b8bda1a37a10dfae2e49e5b6cdf5dd98b399efa8b8a80a286b3f8f27bde53202cb308353bfd98719938991a78bed6e43f81f13b17f8181b7b82eb
  languageName: node
  linkType: hard

"@noble/hashes@npm:1.6.0":
  version: 1.6.0
  resolution: "@noble/hashes@npm:1.6.0"
  checksum: 10/b44b043b02adbecd33596adeed97d9f9864c24a2410f7ac3b847986c2ecf1f6f0df76024b3f1b14d6ea954932960d88898fe551fb9d39844a8b870e9f9044ea1
  languageName: node
  linkType: hard

"@noble/hashes@npm:1.6.1, @noble/hashes@npm:~1.6.0":
  version: 1.6.1
  resolution: "@noble/hashes@npm:1.6.1"
  checksum: 10/74d9ad7b1437a22ba3b877584add3367587fbf818113152f293025d20d425aa74c191d18d434797312f2270458bc9ab3241c34d14ec6115fb16438b3248f631f
  languageName: node
  linkType: hard

"@noble/hashes@npm:1.7.0, @noble/hashes@npm:^1.4.0, @noble/hashes@npm:^1.5.0, @noble/hashes@npm:~1.7.0":
  version: 1.7.0
  resolution: "@noble/hashes@npm:1.7.0"
  checksum: 10/ab038a816c8c9bb986e92797e3d9c5a5b37c020e0c3edc55bcae5061dbdd457f1f0a22787f83f4787c17415ba0282a20a1e455d36ed0cdcace4ce21ef1869f60
  languageName: node
  linkType: hard

"@nodelib/fs.scandir@npm:2.1.5":
  version: 2.1.5
  resolution: "@nodelib/fs.scandir@npm:2.1.5"
  dependencies:
    "@nodelib/fs.stat": "npm:2.0.5"
    run-parallel: "npm:^1.1.9"
  checksum: 10/6ab2a9b8a1d67b067922c36f259e3b3dfd6b97b219c540877a4944549a4d49ea5ceba5663905ab5289682f1f3c15ff441d02f0447f620a42e1cb5e1937174d4b
  languageName: node
  linkType: hard

"@nodelib/fs.stat@npm:2.0.5, @nodelib/fs.stat@npm:^2.0.2":
  version: 2.0.5
  resolution: "@nodelib/fs.stat@npm:2.0.5"
  checksum: 10/012480b5ca9d97bff9261571dbbec7bbc6033f69cc92908bc1ecfad0792361a5a1994bc48674b9ef76419d056a03efadfce5a6cf6dbc0a36559571a7a483f6f0
  languageName: node
  linkType: hard

"@nodelib/fs.walk@npm:^1.2.3":
  version: 1.2.8
  resolution: "@nodelib/fs.walk@npm:1.2.8"
  dependencies:
    "@nodelib/fs.scandir": "npm:2.1.5"
    fastq: "npm:^1.6.0"
  checksum: 10/40033e33e96e97d77fba5a238e4bba4487b8284678906a9f616b5579ddaf868a18874c0054a75402c9fbaaa033a25ceae093af58c9c30278e35c23c9479e79b0
  languageName: node
  linkType: hard

"@pendle/sdk-boros@workspace:.":
  version: 0.0.0-use.local
  resolution: "@pendle/sdk-boros@workspace:."
  dependencies:
    "@biomejs/biome": "npm:1.9.4"
    "@changesets/cli": "npm:^2.27.11"
    typescript: "npm:^5.7.3"
    viem: "npm:^2.22.5"
  languageName: unknown
  linkType: soft

"@scure/base@npm:~1.2.1":
  version: 1.2.1
  resolution: "@scure/base@npm:1.2.1"
  checksum: 10/f7bdd17618ccae7a74c8cbe410a235e4adbe54aa8afe4e2fb1294338aa92f6fd04b1f1f5dea60552f638b5f5e3e74902b7baf59d3954e5e42c0a36c6baa2ebe0
  languageName: node
  linkType: hard

"@scure/bip32@npm:1.6.0":
  version: 1.6.0
  resolution: "@scure/bip32@npm:1.6.0"
  dependencies:
    "@noble/curves": "npm:~1.7.0"
    "@noble/hashes": "npm:~1.6.0"
    "@scure/base": "npm:~1.2.1"
  checksum: 10/2efb81ed9a7b8d5d35233e10abebc114544a3783a2a32b9fb60e1e9a67965b272c9d17910e1649083b69c8ceb80241b05b59dbeb7a5b18ea34e497aed3f16709
  languageName: node
  linkType: hard

"@scure/bip32@npm:^1.5.0":
  version: 1.6.1
  resolution: "@scure/bip32@npm:1.6.1"
  dependencies:
    "@noble/curves": "npm:~1.8.0"
    "@noble/hashes": "npm:~1.7.0"
    "@scure/base": "npm:~1.2.1"
  checksum: 10/967be60ab99dad33e44f0813d194d2eccffc0c5877e93fa01bd9d787b15210b383a98114aafacb704e36e58a90075a3eb51a78983914fadaed3bf4469b384064
  languageName: node
  linkType: hard

"@scure/bip39@npm:1.5.0":
  version: 1.5.0
  resolution: "@scure/bip39@npm:1.5.0"
  dependencies:
    "@noble/hashes": "npm:~1.6.0"
    "@scure/base": "npm:~1.2.1"
  checksum: 10/b795ee31ac4c10603bf3b726cc0e5cf43834a68f05a535e0baf2162772bac100de470b4c6cf7ddbecb95d7a3fb82b8a959badced406c329ab696cd89104194bc
  languageName: node
  linkType: hard

"@scure/bip39@npm:^1.4.0":
  version: 1.5.1
  resolution: "@scure/bip39@npm:1.5.1"
  dependencies:
    "@noble/hashes": "npm:~1.7.0"
    "@scure/base": "npm:~1.2.1"
  checksum: 10/a7ba42169704173b687421a0f79e94d645d3954d4f6142b2edbb8466964ac8c7260337cfaab42f0372843da49595019bb1990a323ac6a7b6980b4d7c45924ddf
  languageName: node
  linkType: hard

"@types/node@npm:^12.7.1":
  version: 12.20.55
  resolution: "@types/node@npm:12.20.55"
  checksum: 10/1f916a06fff02faadb09a16ed6e31820ce170798b202ef0b14fc244bfbd721938c54a3a99836e185e4414ca461fe96c5bb5c67c3d248f153555b7e6347f061dd
  languageName: node
  linkType: hard

"abitype@npm:1.0.7":
  version: 1.0.7
  resolution: "abitype@npm:1.0.7"
  peerDependencies:
    typescript: ">=5.0.4"
    zod: ^3 >=3.22.0
  peerDependenciesMeta:
    typescript:
      optional: true
    zod:
      optional: true
  checksum: 10/6c2c3390a2f90186bf0df73f20cf257dfd9b62d1eb266de6ddf362030dcbd79cd113b4110e52f7802d7b042ea8fdb7ee2f113751b883787c2d9589d56fb4273b
  languageName: node
  linkType: hard

"abitype@npm:^1.0.6":
  version: 1.0.8
  resolution: "abitype@npm:1.0.8"
  peerDependencies:
    typescript: ">=5.0.4"
    zod: ^3 >=3.22.0
  peerDependenciesMeta:
    typescript:
      optional: true
    zod:
      optional: true
  checksum: 10/878e74fbac6a971953649b6216950437aa5834a604e9fa833a5b275a6967cff59857c7e43594ae906387d2fb7cad9370138dec4298eb8814815a3ffb6365902c
  languageName: node
  linkType: hard

"ansi-colors@npm:^4.1.1, ansi-colors@npm:^4.1.3":
  version: 4.1.3
  resolution: "ansi-colors@npm:4.1.3"
  checksum: 10/43d6e2fc7b1c6e4dc373de708ee76311ec2e0433e7e8bd3194e7ff123ea6a747428fc61afdcf5969da5be3a5f0fd054602bec56fc0ebe249ce2fcde6e649e3c2
  languageName: node
  linkType: hard

"ansi-regex@npm:^5.0.1":
  version: 5.0.1
  resolution: "ansi-regex@npm:5.0.1"
  checksum: 10/2aa4bb54caf2d622f1afdad09441695af2a83aa3fe8b8afa581d205e57ed4261c183c4d3877cee25794443fde5876417d859c108078ab788d6af7e4fe52eb66b
  languageName: node
  linkType: hard

"argparse@npm:^1.0.7":
  version: 1.0.10
  resolution: "argparse@npm:1.0.10"
  dependencies:
    sprintf-js: "npm:~1.0.2"
  checksum: 10/c6a621343a553ff3779390bb5ee9c2263d6643ebcd7843227bdde6cc7adbed796eb5540ca98db19e3fd7b4714e1faa51551f8849b268bb62df27ddb15cbcd91e
  languageName: node
  linkType: hard

"array-union@npm:^2.1.0":
  version: 2.1.0
  resolution: "array-union@npm:2.1.0"
  checksum: 10/5bee12395cba82da674931df6d0fea23c4aa4660cb3b338ced9f828782a65caa232573e6bf3968f23e0c5eb301764a382cef2f128b170a9dc59de0e36c39f98d
  languageName: node
  linkType: hard

"better-path-resolve@npm:1.0.0":
  version: 1.0.0
  resolution: "better-path-resolve@npm:1.0.0"
  dependencies:
    is-windows: "npm:^1.0.0"
  checksum: 10/5392dbe04e7fe68b944eb37961d9dfa147aaac3ee9ee3f6e13d42e2c9fbe949e68d16e896c14ee9016fa5f8e6e53ec7fd8b5f01b50a32067a7d94ac9cfb9a050
  languageName: node
  linkType: hard

"braces@npm:^3.0.3":
  version: 3.0.3
  resolution: "braces@npm:3.0.3"
  dependencies:
    fill-range: "npm:^7.1.1"
  checksum: 10/fad11a0d4697a27162840b02b1fad249c1683cbc510cd5bf1a471f2f8085c046d41094308c577a50a03a579dd99d5a6b3724c4b5e8b14df2c4443844cfcda2c6
  languageName: node
  linkType: hard

"chardet@npm:^0.7.0":
  version: 0.7.0
  resolution: "chardet@npm:0.7.0"
  checksum: 10/b0ec668fba5eeec575ed2559a0917ba41a6481f49063c8445400e476754e0957ee09e44dc032310f526182b8f1bf25e9d4ed371f74050af7be1383e06bc44952
  languageName: node
  linkType: hard

"ci-info@npm:^3.7.0":
  version: 3.9.0
  resolution: "ci-info@npm:3.9.0"
  checksum: 10/75bc67902b4d1c7b435497adeb91598f6d52a3389398e44294f6601b20cfef32cf2176f7be0eb961d9e085bb333a8a5cae121cb22f81cf238ae7f58eb80e9397
  languageName: node
  linkType: hard

"cross-spawn@npm:^7.0.5":
  version: 7.0.6
  resolution: "cross-spawn@npm:7.0.6"
  dependencies:
    path-key: "npm:^3.1.0"
    shebang-command: "npm:^2.0.0"
    which: "npm:^2.0.1"
  checksum: 10/0d52657d7ae36eb130999dffff1168ec348687b48dd38e2ff59992ed916c88d328cf1d07ff4a4a10bc78de5e1c23f04b306d569e42f7a2293915c081e4dfee86
  languageName: node
  linkType: hard

"detect-indent@npm:^6.0.0":
  version: 6.1.0
  resolution: "detect-indent@npm:6.1.0"
  checksum: 10/ab953a73c72dbd4e8fc68e4ed4bfd92c97eb6c43734af3900add963fd3a9316f3bc0578b018b24198d4c31a358571eff5f0656e81a1f3b9ad5c547d58b2d093d
  languageName: node
  linkType: hard

"dir-glob@npm:^3.0.1":
  version: 3.0.1
  resolution: "dir-glob@npm:3.0.1"
  dependencies:
    path-type: "npm:^4.0.0"
  checksum: 10/fa05e18324510d7283f55862f3161c6759a3f2f8dbce491a2fc14c8324c498286c54282c1f0e933cb930da8419b30679389499b919122952a4f8592362ef4615
  languageName: node
  linkType: hard

"enquirer@npm:^2.4.1":
  version: 2.4.1
  resolution: "enquirer@npm:2.4.1"
  dependencies:
    ansi-colors: "npm:^4.1.1"
    strip-ansi: "npm:^6.0.1"
  checksum: 10/b3726486cd98f0d458a851a03326a2a5dd4d84f37ff94ff2a2960c915e0fc865865da3b78f0877dc36ac5c1189069eca603e82ec63d5bc6b0dd9985bf6426d7a
  languageName: node
  linkType: hard

"esprima@npm:^4.0.0":
  version: 4.0.1
  resolution: "esprima@npm:4.0.1"
  bin:
    esparse: ./bin/esparse.js
    esvalidate: ./bin/esvalidate.js
  checksum: 10/f1d3c622ad992421362294f7acf866aa9409fbad4eb2e8fa230bd33944ce371d32279667b242d8b8907ec2b6ad7353a717f3c0e60e748873a34a7905174bc0eb
  languageName: node
  linkType: hard

"eventemitter3@npm:5.0.1":
  version: 5.0.1
  resolution: "eventemitter3@npm:5.0.1"
  checksum: 10/ac6423ec31124629c84c7077eed1e6987f6d66c31cf43c6fcbf6c87791d56317ce808d9ead483652436df171b526fc7220eccdc9f3225df334e81582c3cf7dd5
  languageName: node
  linkType: hard

"extendable-error@npm:^0.1.5":
  version: 0.1.7
  resolution: "extendable-error@npm:0.1.7"
  checksum: 10/80478be7429a1675d2085f701239796bab3230ed6f2fb1b138fbabec24bea6516b7c5ceb6e9c209efcc9c089948d93715703845653535f8e8a49655066a9255e
  languageName: node
  linkType: hard

"external-editor@npm:^3.1.0":
  version: 3.1.0
  resolution: "external-editor@npm:3.1.0"
  dependencies:
    chardet: "npm:^0.7.0"
    iconv-lite: "npm:^0.4.24"
    tmp: "npm:^0.0.33"
  checksum: 10/776dff1d64a1d28f77ff93e9e75421a81c062983fd1544279d0a32f563c0b18c52abbb211f31262e2827e48edef5c9dc8f960d06dd2d42d1654443b88568056b
  languageName: node
  linkType: hard

"fast-glob@npm:^3.2.9":
  version: 3.3.3
  resolution: "fast-glob@npm:3.3.3"
  dependencies:
    "@nodelib/fs.stat": "npm:^2.0.2"
    "@nodelib/fs.walk": "npm:^1.2.3"
    glob-parent: "npm:^5.1.2"
    merge2: "npm:^1.3.0"
    micromatch: "npm:^4.0.8"
  checksum: 10/dcc6432b269762dd47381d8b8358bf964d8f4f60286ac6aa41c01ade70bda459ff2001b516690b96d5365f68a49242966112b5d5cc9cd82395fa8f9d017c90ad
  languageName: node
  linkType: hard

"fastq@npm:^1.6.0":
  version: 1.18.0
  resolution: "fastq@npm:1.18.0"
  dependencies:
    reusify: "npm:^1.0.4"
  checksum: 10/c5b501333dc8f5d188d828ea162aad03ff5a81aed185b6d4a5078aaeae0a42babc34296d7af13ebce86401cccd93c9b7b3cbf61280821c5f20af233378b42fbb
  languageName: node
  linkType: hard

"fill-range@npm:^7.1.1":
  version: 7.1.1
  resolution: "fill-range@npm:7.1.1"
  dependencies:
    to-regex-range: "npm:^5.0.1"
  checksum: 10/a7095cb39e5bc32fada2aa7c7249d3f6b01bd1ce461a61b0adabacccabd9198500c6fb1f68a7c851a657e273fce2233ba869638897f3d7ed2e87a2d89b4436ea
  languageName: node
  linkType: hard

"find-up@npm:^4.1.0":
  version: 4.1.0
  resolution: "find-up@npm:4.1.0"
  dependencies:
    locate-path: "npm:^5.0.0"
    path-exists: "npm:^4.0.0"
  checksum: 10/4c172680e8f8c1f78839486e14a43ef82e9decd0e74145f40707cc42e7420506d5ec92d9a11c22bd2c48fb0c384ea05dd30e10dd152fefeec6f2f75282a8b844
  languageName: node
  linkType: hard

"fs-extra@npm:^7.0.1":
  version: 7.0.1
  resolution: "fs-extra@npm:7.0.1"
  dependencies:
    graceful-fs: "npm:^4.1.2"
    jsonfile: "npm:^4.0.0"
    universalify: "npm:^0.1.0"
  checksum: 10/3fc6e56ba2f07c00d452163f27f21a7076b72ef7da8a50fef004336d59ef4c34deda11d10ecd73fd8fbcf20e4f575f52857293090b3c9f8741d4e0598be30fea
  languageName: node
  linkType: hard

"fs-extra@npm:^8.1.0":
  version: 8.1.0
  resolution: "fs-extra@npm:8.1.0"
  dependencies:
    graceful-fs: "npm:^4.2.0"
    jsonfile: "npm:^4.0.0"
    universalify: "npm:^0.1.0"
  checksum: 10/6fb12449f5349be724a138b4a7b45fe6a317d2972054517f5971959c26fbd17c0e145731a11c7324460262baa33e0a799b183ceace98f7a372c95fbb6f20f5de
  languageName: node
  linkType: hard

"glob-parent@npm:^5.1.2":
  version: 5.1.2
  resolution: "glob-parent@npm:5.1.2"
  dependencies:
    is-glob: "npm:^4.0.1"
  checksum: 10/32cd106ce8c0d83731966d31517adb766d02c3812de49c30cfe0675c7c0ae6630c11214c54a5ae67aca882cf738d27fd7768f21aa19118b9245950554be07247
  languageName: node
  linkType: hard

"globby@npm:^11.0.0":
  version: 11.1.0
  resolution: "globby@npm:11.1.0"
  dependencies:
    array-union: "npm:^2.1.0"
    dir-glob: "npm:^3.0.1"
    fast-glob: "npm:^3.2.9"
    ignore: "npm:^5.2.0"
    merge2: "npm:^1.4.1"
    slash: "npm:^3.0.0"
  checksum: 10/288e95e310227bbe037076ea81b7c2598ccbc3122d87abc6dab39e1eec309aa14f0e366a98cdc45237ffcfcbad3db597778c0068217dcb1950fef6249104e1b1
  languageName: node
  linkType: hard

"graceful-fs@npm:^4.1.2, graceful-fs@npm:^4.1.5, graceful-fs@npm:^4.1.6, graceful-fs@npm:^4.2.0":
  version: 4.2.11
  resolution: "graceful-fs@npm:4.2.11"
  checksum: 10/bf152d0ed1dc159239db1ba1f74fdbc40cb02f626770dcd5815c427ce0688c2635a06ed69af364396da4636d0408fcf7d4afdf7881724c3307e46aff30ca49e2
  languageName: node
  linkType: hard

"human-id@npm:^1.0.2":
  version: 1.0.2
  resolution: "human-id@npm:1.0.2"
  checksum: 10/16b116ef68c3fc3f65c90b32a338abd0f9ee656a6257baa92c4d7e1154c66469bb6bd4ee840018c35e972aa817f5ae3f0cbabffb78f2ac90aaf02d88a299a371
  languageName: node
  linkType: hard

"iconv-lite@npm:^0.4.24":
  version: 0.4.24
  resolution: "iconv-lite@npm:0.4.24"
  dependencies:
    safer-buffer: "npm:>= 2.1.2 < 3"
  checksum: 10/6d3a2dac6e5d1fb126d25645c25c3a1209f70cceecc68b8ef51ae0da3cdc078c151fade7524a30b12a3094926336831fca09c666ef55b37e2c69638b5d6bd2e3
  languageName: node
  linkType: hard

"ignore@npm:^5.2.0":
  version: 5.3.2
  resolution: "ignore@npm:5.3.2"
  checksum: 10/cceb6a457000f8f6a50e1196429750d782afce5680dd878aa4221bd79972d68b3a55b4b1458fc682be978f4d3c6a249046aa0880637367216444ab7b014cfc98
  languageName: node
  linkType: hard

"is-extglob@npm:^2.1.1":
  version: 2.1.1
  resolution: "is-extglob@npm:2.1.1"
  checksum: 10/df033653d06d0eb567461e58a7a8c9f940bd8c22274b94bf7671ab36df5719791aae15eef6d83bbb5e23283967f2f984b8914559d4449efda578c775c4be6f85
  languageName: node
  linkType: hard

"is-glob@npm:^4.0.1":
  version: 4.0.3
  resolution: "is-glob@npm:4.0.3"
  dependencies:
    is-extglob: "npm:^2.1.1"
  checksum: 10/3ed74f2b0cdf4f401f38edb0442ddfde3092d79d7d35c9919c86641efdbcbb32e45aa3c0f70ce5eecc946896cd5a0f26e4188b9f2b881876f7cb6c505b82da11
  languageName: node
  linkType: hard

"is-number@npm:^7.0.0":
  version: 7.0.0
  resolution: "is-number@npm:7.0.0"
  checksum: 10/6a6c3383f68afa1e05b286af866017c78f1226d43ac8cb064e115ff9ed85eb33f5c4f7216c96a71e4dfea289ef52c5da3aef5bbfade8ffe47a0465d70c0c8e86
  languageName: node
  linkType: hard

"is-subdir@npm:^1.1.1":
  version: 1.2.0
  resolution: "is-subdir@npm:1.2.0"
  dependencies:
    better-path-resolve: "npm:1.0.0"
  checksum: 10/31029a383972bff4cc4f1bd1463fd04dde017e0a04ae3a6f6e08124a90c6c4656312d593101b0f38805fa3f3c8f6bc4583524bbf72c50784fa5ca0d3e5a76279
  languageName: node
  linkType: hard

"is-windows@npm:^1.0.0":
  version: 1.0.2
  resolution: "is-windows@npm:1.0.2"
  checksum: 10/438b7e52656fe3b9b293b180defb4e448088e7023a523ec21a91a80b9ff8cdb3377ddb5b6e60f7c7de4fa8b63ab56e121b6705fe081b3cf1b828b0a380009ad7
  languageName: node
  linkType: hard

"isexe@npm:^2.0.0":
  version: 2.0.0
  resolution: "isexe@npm:2.0.0"
  checksum: 10/7c9f715c03aff08f35e98b1fadae1b9267b38f0615d501824f9743f3aab99ef10e303ce7db3f186763a0b70a19de5791ebfc854ff884d5a8c4d92211f642ec92
  languageName: node
  linkType: hard

"isows@npm:1.0.6":
  version: 1.0.6
  resolution: "isows@npm:1.0.6"
  peerDependencies:
    ws: "*"
  checksum: 10/ab9e85b50bcc3d70aa5ec875aa2746c5daf9321cb376ed4e5434d3c2643c5d62b1f466d93a05cd2ad0ead5297224922748c31707cb4fbd68f5d05d0479dce99c
  languageName: node
  linkType: hard

"js-yaml@npm:^3.13.1, js-yaml@npm:^3.6.1":
  version: 3.14.1
  resolution: "js-yaml@npm:3.14.1"
  dependencies:
    argparse: "npm:^1.0.7"
    esprima: "npm:^4.0.0"
  bin:
    js-yaml: bin/js-yaml.js
  checksum: 10/9e22d80b4d0105b9899135365f746d47466ed53ef4223c529b3c0f7a39907743fdbd3c4379f94f1106f02755b5e90b2faaf84801a891135544e1ea475d1a1379
  languageName: node
  linkType: hard

"jsonfile@npm:^4.0.0":
  version: 4.0.0
  resolution: "jsonfile@npm:4.0.0"
  dependencies:
    graceful-fs: "npm:^4.1.6"
  dependenciesMeta:
    graceful-fs:
      optional: true
  checksum: 10/17796f0ab1be8479827d3683433f97ebe0a1c6932c3360fa40348eac36904d69269aab26f8b16da311882d94b42e9208e8b28e490bf926364f3ac9bff134c226
  languageName: node
  linkType: hard

"locate-path@npm:^5.0.0":
  version: 5.0.0
  resolution: "locate-path@npm:5.0.0"
  dependencies:
    p-locate: "npm:^4.1.0"
  checksum: 10/83e51725e67517287d73e1ded92b28602e3ae5580b301fe54bfb76c0c723e3f285b19252e375712316774cf52006cb236aed5704692c32db0d5d089b69696e30
  languageName: node
  linkType: hard

"lodash.startcase@npm:^4.4.0":
  version: 4.4.0
  resolution: "lodash.startcase@npm:4.4.0"
  checksum: 10/3091048a54a2f92bcf2c6441d2bd9a706fb133d5f461ae7c310d6dca1530338a06c91e9e42a5b14b12e875ddae1814d448050dc02afe2cec09b3995d8e836837
  languageName: node
  linkType: hard

"merge2@npm:^1.3.0, merge2@npm:^1.4.1":
  version: 1.4.1
  resolution: "merge2@npm:1.4.1"
  checksum: 10/7268db63ed5169466540b6fb947aec313200bcf6d40c5ab722c22e242f651994619bcd85601602972d3c85bd2cc45a358a4c61937e9f11a061919a1da569b0c2
  languageName: node
  linkType: hard

"micromatch@npm:^4.0.8":
  version: 4.0.8
  resolution: "micromatch@npm:4.0.8"
  dependencies:
    braces: "npm:^3.0.3"
    picomatch: "npm:^2.3.1"
  checksum: 10/6bf2a01672e7965eb9941d1f02044fad2bd12486b5553dc1116ff24c09a8723157601dc992e74c911d896175918448762df3b3fd0a6b61037dd1a9766ddfbf58
  languageName: node
  linkType: hard

"mri@npm:^1.2.0":
  version: 1.2.0
  resolution: "mri@npm:1.2.0"
  checksum: 10/6775a1d2228bb9d191ead4efc220bd6be64f943ad3afd4dcb3b3ac8fc7b87034443f666e38805df38e8d047b29f910c3cc7810da0109af83e42c82c73bd3f6bc
  languageName: node
  linkType: hard

"os-tmpdir@npm:~1.0.2":
  version: 1.0.2
  resolution: "os-tmpdir@npm:1.0.2"
  checksum: 10/5666560f7b9f10182548bf7013883265be33620b1c1b4a4d405c25be2636f970c5488ff3e6c48de75b55d02bde037249fe5dbfbb4c0fb7714953d56aed062e6d
  languageName: node
  linkType: hard

"outdent@npm:^0.5.0":
  version: 0.5.0
  resolution: "outdent@npm:0.5.0"
  checksum: 10/7d94a7d93883afa32c99d84f33248b221f4eeeedbb571921fe0e5cf0bee32e64746c587e9606d98ec22762870c782d21dd4bc3a0edf442d347cb54aa107b198d
  languageName: node
  linkType: hard

"ox@npm:0.6.0":
  version: 0.6.0
  resolution: "ox@npm:0.6.0"
  dependencies:
    "@adraffy/ens-normalize": "npm:^1.10.1"
    "@noble/curves": "npm:^1.6.0"
    "@noble/hashes": "npm:^1.5.0"
    "@scure/bip32": "npm:^1.5.0"
    "@scure/bip39": "npm:^1.4.0"
    abitype: "npm:^1.0.6"
    eventemitter3: "npm:5.0.1"
  peerDependencies:
    typescript: ">=5.4.0"
  peerDependenciesMeta:
    typescript:
      optional: true
  checksum: 10/b089b2d09035def8d3f6d17ab1dd792fd7f1a4d8e008aa96bc50a8cef24ddb8e608ec828f4d83cf959b080a7c854921449e4d061f45f6dee944f48bd0971e60f
  languageName: node
  linkType: hard

"p-filter@npm:^2.1.0":
  version: 2.1.0
  resolution: "p-filter@npm:2.1.0"
  dependencies:
    p-map: "npm:^2.0.0"
  checksum: 10/76e552ca624ce2233448d68b19eec9de42b695208121998f7e011edce71d1079a83096ee6a2078fb2a59cfa8a5c999f046edf00ebf16a8e780022010b4693234
  languageName: node
  linkType: hard

"p-limit@npm:^2.2.0":
  version: 2.3.0
  resolution: "p-limit@npm:2.3.0"
  dependencies:
    p-try: "npm:^2.0.0"
  checksum: 10/84ff17f1a38126c3314e91ecfe56aecbf36430940e2873dadaa773ffe072dc23b7af8e46d4b6485d302a11673fe94c6b67ca2cfbb60c989848b02100d0594ac1
  languageName: node
  linkType: hard

"p-locate@npm:^4.1.0":
  version: 4.1.0
  resolution: "p-locate@npm:4.1.0"
  dependencies:
    p-limit: "npm:^2.2.0"
  checksum: 10/513bd14a455f5da4ebfcb819ef706c54adb09097703de6aeaa5d26fe5ea16df92b48d1ac45e01e3944ce1e6aa2a66f7f8894742b8c9d6e276e16cd2049a2b870
  languageName: node
  linkType: hard

"p-map@npm:^2.0.0":
  version: 2.1.0
  resolution: "p-map@npm:2.1.0"
  checksum: 10/9e3ad3c9f6d75a5b5661bcad78c91f3a63849189737cd75e4f1225bf9ac205194e5c44aac2ef6f09562b1facdb9bd1425584d7ac375bfaa17b3f1a142dab936d
  languageName: node
  linkType: hard

"p-try@npm:^2.0.0":
  version: 2.2.0
  resolution: "p-try@npm:2.2.0"
  checksum: 10/f8a8e9a7693659383f06aec604ad5ead237c7a261c18048a6e1b5b85a5f8a067e469aa24f5bc009b991ea3b058a87f5065ef4176793a200d4917349881216cae
  languageName: node
  linkType: hard

"package-manager-detector@npm:^0.2.0":
  version: 0.2.8
  resolution: "package-manager-detector@npm:0.2.8"
  checksum: 10/deb7c5abeed0ac88c9014230355ab79695d2a600e6361d91f55fcb67cc359e7106b04b23d22dee18af1388daed7385c3260229602a33617d0247ad86d8ab69ec
  languageName: node
  linkType: hard

"path-exists@npm:^4.0.0":
  version: 4.0.0
  resolution: "path-exists@npm:4.0.0"
  checksum: 10/505807199dfb7c50737b057dd8d351b82c033029ab94cb10a657609e00c1bc53b951cfdbccab8de04c5584d5eff31128ce6afd3db79281874a5ef2adbba55ed1
  languageName: node
  linkType: hard

"path-key@npm:^3.1.0":
  version: 3.1.1
  resolution: "path-key@npm:3.1.1"
  checksum: 10/55cd7a9dd4b343412a8386a743f9c746ef196e57c823d90ca3ab917f90ab9f13dd0ded27252ba49dbdfcab2b091d998bc446f6220cd3cea65db407502a740020
  languageName: node
  linkType: hard

"path-type@npm:^4.0.0":
  version: 4.0.0
  resolution: "path-type@npm:4.0.0"
  checksum: 10/5b1e2daa247062061325b8fdbfd1fb56dde0a448fb1455453276ea18c60685bdad23a445dc148cf87bc216be1573357509b7d4060494a6fd768c7efad833ee45
  languageName: node
  linkType: hard

"picocolors@npm:^1.1.0":
  version: 1.1.1
  resolution: "picocolors@npm:1.1.1"
  checksum: 10/e1cf46bf84886c79055fdfa9dcb3e4711ad259949e3565154b004b260cd356c5d54b31a1437ce9782624bf766272fe6b0154f5f0c744fb7af5d454d2b60db045
  languageName: node
  linkType: hard

"picomatch@npm:^2.3.1":
  version: 2.3.1
  resolution: "picomatch@npm:2.3.1"
  checksum: 10/60c2595003b05e4535394d1da94850f5372c9427ca4413b71210f437f7b2ca091dbd611c45e8b37d10036fa8eade25c1b8951654f9d3973bfa66a2ff4d3b08bc
  languageName: node
  linkType: hard

"pify@npm:^4.0.1":
  version: 4.0.1
  resolution: "pify@npm:4.0.1"
  checksum: 10/8b97cbf9dc6d4c1320cc238a2db0fc67547f9dc77011729ff353faf34f1936ea1a4d7f3c63b2f4980b253be77bcc72ea1e9e76ee3fd53cce2aafb6a8854d07ec
  languageName: node
  linkType: hard

"prettier@npm:^2.7.1":
  version: 2.8.8
  resolution: "prettier@npm:2.8.8"
  bin:
    prettier: bin-prettier.js
  checksum: 10/00cdb6ab0281f98306cd1847425c24cbaaa48a5ff03633945ab4c701901b8e96ad558eb0777364ffc312f437af9b5a07d0f45346266e8245beaf6247b9c62b24
  languageName: node
  linkType: hard

"queue-microtask@npm:^1.2.2":
  version: 1.2.3
  resolution: "queue-microtask@npm:1.2.3"
  checksum: 10/72900df0616e473e824202113c3df6abae59150dfb73ed13273503127235320e9c8ca4aaaaccfd58cf417c6ca92a6e68ee9a5c3182886ae949a768639b388a7b
  languageName: node
  linkType: hard

"read-yaml-file@npm:^1.1.0":
  version: 1.1.0
  resolution: "read-yaml-file@npm:1.1.0"
  dependencies:
    graceful-fs: "npm:^4.1.5"
    js-yaml: "npm:^3.6.1"
    pify: "npm:^4.0.1"
    strip-bom: "npm:^3.0.0"
  checksum: 10/41ee5f075507ef0403328dd54e225a61c3149f915675ce7fd0fd791ddcce2e6c30a9fe0f76ffa7a465c1c157b9b4ad8ded1dcf47dc3b396103eeb013490bbc2e
  languageName: node
  linkType: hard

"regenerator-runtime@npm:^0.14.0":
  version: 0.14.1
  resolution: "regenerator-runtime@npm:0.14.1"
  checksum: 10/5db3161abb311eef8c45bcf6565f4f378f785900ed3945acf740a9888c792f75b98ecb77f0775f3bf95502ff423529d23e94f41d80c8256e8fa05ed4b07cf471
  languageName: node
  linkType: hard

"resolve-from@npm:^5.0.0":
  version: 5.0.0
  resolution: "resolve-from@npm:5.0.0"
  checksum: 10/be18a5e4d76dd711778664829841cde690971d02b6cbae277735a09c1c28f407b99ef6ef3cd585a1e6546d4097b28df40ed32c4a287b9699dcf6d7f208495e23
  languageName: node
  linkType: hard

"reusify@npm:^1.0.4":
  version: 1.0.4
  resolution: "reusify@npm:1.0.4"
  checksum: 10/14222c9e1d3f9ae01480c50d96057228a8524706db79cdeb5a2ce5bb7070dd9f409a6f84a02cbef8cdc80d39aef86f2dd03d155188a1300c599b05437dcd2ffb
  languageName: node
  linkType: hard

"run-parallel@npm:^1.1.9":
  version: 1.2.0
  resolution: "run-parallel@npm:1.2.0"
  dependencies:
    queue-microtask: "npm:^1.2.2"
  checksum: 10/cb4f97ad25a75ebc11a8ef4e33bb962f8af8516bb2001082ceabd8902e15b98f4b84b4f8a9b222e5d57fc3bd1379c483886ed4619367a7680dad65316993021d
  languageName: node
  linkType: hard

"safer-buffer@npm:>= 2.1.2 < 3":
  version: 2.1.2
  resolution: "safer-buffer@npm:2.1.2"
  checksum: 10/7eaf7a0cf37cc27b42fb3ef6a9b1df6e93a1c6d98c6c6702b02fe262d5fcbd89db63320793b99b21cb5348097d0a53de81bd5f4e8b86e20cc9412e3f1cfb4e83
  languageName: node
  linkType: hard

"semver@npm:^7.5.3":
  version: 7.6.3
  resolution: "semver@npm:7.6.3"
  bin:
    semver: bin/semver.js
  checksum: 10/36b1fbe1a2b6f873559cd57b238f1094a053dbfd997ceeb8757d79d1d2089c56d1321b9f1069ce263dc64cfa922fa1d2ad566b39426fe1ac6c723c1487589e10
  languageName: node
  linkType: hard

"shebang-command@npm:^2.0.0":
  version: 2.0.0
  resolution: "shebang-command@npm:2.0.0"
  dependencies:
    shebang-regex: "npm:^3.0.0"
  checksum: 10/6b52fe87271c12968f6a054e60f6bde5f0f3d2db483a1e5c3e12d657c488a15474121a1d55cd958f6df026a54374ec38a4a963988c213b7570e1d51575cea7fa
  languageName: node
  linkType: hard

"shebang-regex@npm:^3.0.0":
  version: 3.0.0
  resolution: "shebang-regex@npm:3.0.0"
  checksum: 10/1a2bcae50de99034fcd92ad4212d8e01eedf52c7ec7830eedcf886622804fe36884278f2be8be0ea5fde3fd1c23911643a4e0f726c8685b61871c8908af01222
  languageName: node
  linkType: hard

"signal-exit@npm:^4.0.1":
  version: 4.1.0
  resolution: "signal-exit@npm:4.1.0"
  checksum: 10/c9fa63bbbd7431066174a48ba2dd9986dfd930c3a8b59de9c29d7b6854ec1c12a80d15310869ea5166d413b99f041bfa3dd80a7947bcd44ea8e6eb3ffeabfa1f
  languageName: node
  linkType: hard

"slash@npm:^3.0.0":
  version: 3.0.0
  resolution: "slash@npm:3.0.0"
  checksum: 10/94a93fff615f25a999ad4b83c9d5e257a7280c90a32a7cb8b4a87996e4babf322e469c42b7f649fd5796edd8687652f3fb452a86dc97a816f01113183393f11c
  languageName: node
  linkType: hard

"spawndamnit@npm:^3.0.1":
  version: 3.0.1
  resolution: "spawndamnit@npm:3.0.1"
  dependencies:
    cross-spawn: "npm:^7.0.5"
    signal-exit: "npm:^4.0.1"
  checksum: 10/47d88a7f1e5691e13e435eddc3d34123c2f7746e2853e91bfac5ea7c6e3bb4b1d1995223b25f7a8745871510d92f63ecd3c9fa02aa2896ac0c79fb618eb08bbe
  languageName: node
  linkType: hard

"sprintf-js@npm:~1.0.2":
  version: 1.0.3
  resolution: "sprintf-js@npm:1.0.3"
  checksum: 10/c34828732ab8509c2741e5fd1af6b767c3daf2c642f267788f933a65b1614943c282e74c4284f4fa749c264b18ee016a0d37a3e5b73aee446da46277d3a85daa
  languageName: node
  linkType: hard

"strip-ansi@npm:^6.0.1":
  version: 6.0.1
  resolution: "strip-ansi@npm:6.0.1"
  dependencies:
    ansi-regex: "npm:^5.0.1"
  checksum: 10/ae3b5436d34fadeb6096367626ce987057713c566e1e7768818797e00ac5d62023d0f198c4e681eae9e20701721980b26a64a8f5b91238869592a9c6800719a2
  languageName: node
  linkType: hard

"strip-bom@npm:^3.0.0":
  version: 3.0.0
  resolution: "strip-bom@npm:3.0.0"
  checksum: 10/8d50ff27b7ebe5ecc78f1fe1e00fcdff7af014e73cf724b46fb81ef889eeb1015fc5184b64e81a2efe002180f3ba431bdd77e300da5c6685d702780fbf0c8d5b
  languageName: node
  linkType: hard

"term-size@npm:^2.1.0":
  version: 2.2.1
  resolution: "term-size@npm:2.2.1"
  checksum: 10/f96aca2d4139c91e3359f5949ffb86f0a58f8c254ab7fe4a64b65126974939c782db6aaa91bf51a56d0344e505e22f9a0186f2f689e23ac9382b54606603c537
  languageName: node
  linkType: hard

"tmp@npm:^0.0.33":
  version: 0.0.33
  resolution: "tmp@npm:0.0.33"
  dependencies:
    os-tmpdir: "npm:~1.0.2"
  checksum: 10/09c0abfd165cff29b32be42bc35e80b8c64727d97dedde6550022e88fa9fd39a084660415ed8e3ebaa2aca1ee142f86df8b31d4196d4f81c774a3a20fd4b6abf
  languageName: node
  linkType: hard

"to-regex-range@npm:^5.0.1":
  version: 5.0.1
  resolution: "to-regex-range@npm:5.0.1"
  dependencies:
    is-number: "npm:^7.0.0"
  checksum: 10/10dda13571e1f5ad37546827e9b6d4252d2e0bc176c24a101252153ef435d83696e2557fe128c4678e4e78f5f01e83711c703eef9814eb12dab028580d45980a
  languageName: node
  linkType: hard

"typescript@npm:^5.7.3":
  version: 5.7.3
  resolution: "typescript@npm:5.7.3"
  bin:
    tsc: bin/tsc
    tsserver: bin/tsserver
  checksum: 10/6a7e556de91db3d34dc51cd2600e8e91f4c312acd8e52792f243c7818dfadb27bae677175fad6947f9c81efb6c57eb6b2d0c736f196a6ee2f1f7d57b74fc92fa
  languageName: node
  linkType: hard

"typescript@patch:typescript@npm%3A^5.7.3#optional!builtin<compat/typescript>":
  version: 5.7.3
  resolution: "typescript@patch:typescript@npm%3A5.7.3#optional!builtin<compat/typescript>::version=5.7.3&hash=74658d"
  bin:
    tsc: bin/tsc
    tsserver: bin/tsserver
  checksum: 10/3ac7b7e3e899273d2fbdce6e24b93d4d53a705ad7a7e4cc83b4c57bcb6d25948abcd2a21994f6b9c73ab03960f395aae95f0458de292a66ce0134233261714c3
  languageName: node
  linkType: hard

"universalify@npm:^0.1.0":
  version: 0.1.2
  resolution: "universalify@npm:0.1.2"
  checksum: 10/40cdc60f6e61070fe658ca36016a8f4ec216b29bf04a55dce14e3710cc84c7448538ef4dad3728d0bfe29975ccd7bfb5f414c45e7b78883567fb31b246f02dff
  languageName: node
  linkType: hard

"viem@npm:^2.22.5":
  version: 2.22.5
  resolution: "viem@npm:2.22.5"
  dependencies:
    "@noble/curves": "npm:1.7.0"
    "@noble/hashes": "npm:1.6.1"
    "@scure/bip32": "npm:1.6.0"
    "@scure/bip39": "npm:1.5.0"
    abitype: "npm:1.0.7"
    isows: "npm:1.0.6"
    ox: "npm:0.6.0"
    webauthn-p256: "npm:0.0.10"
    ws: "npm:8.18.0"
  peerDependencies:
    typescript: ">=5.0.4"
  peerDependenciesMeta:
    typescript:
      optional: true
  checksum: 10/91bedd144924a9d829206fab65c1b5ce2874517afafd5e5cebfcf6326abfda865efe95001d1a6c381f8f971e0c404e94ab2332f5ee35eb36e88079d099aebbd0
  languageName: node
  linkType: hard

"webauthn-p256@npm:0.0.10":
  version: 0.0.10
  resolution: "webauthn-p256@npm:0.0.10"
  dependencies:
    "@noble/curves": "npm:^1.4.0"
    "@noble/hashes": "npm:^1.4.0"
  checksum: 10/dde2b6313b6a0f20996f7ee90181258fc7685bfff401df7d904578da75b374f25d5b9c1189cd2fcec30625b1f276b393188d156d49783f0611623cd713bb5b09
  languageName: node
  linkType: hard

"which@npm:^2.0.1":
  version: 2.0.2
  resolution: "which@npm:2.0.2"
  dependencies:
    isexe: "npm:^2.0.0"
  bin:
    node-which: ./bin/node-which
  checksum: 10/4782f8a1d6b8fc12c65e968fea49f59752bf6302dc43036c3bf87da718a80710f61a062516e9764c70008b487929a73546125570acea95c5b5dcc8ac3052c70f
  languageName: node
  linkType: hard

"ws@npm:8.18.0":
  version: 8.18.0
  resolution: "ws@npm:8.18.0"
  peerDependencies:
    bufferutil: ^4.0.1
    utf-8-validate: ">=5.0.2"
  peerDependenciesMeta:
    bufferutil:
      optional: true
    utf-8-validate:
      optional: true
  checksum: 10/70dfe53f23ff4368d46e4c0b1d4ca734db2c4149c6f68bc62cb16fc21f753c47b35fcc6e582f3bdfba0eaeb1c488cddab3c2255755a5c3eecb251431e42b3ff6
  languageName: node
  linkType: hard
